
Microsoft Visual Studio Solution File, Format Version 12.00
# Visual Studio Version 17
VisualStudioVersion = 17.6.33801.468
MinimumVisualStudioVersion = 10.0.40219.1
Project("{9A19103F-16F7-4668-BE54-9A1E7A4F7556}") = "Discount.API", "Discount.API\Discount.API.csproj", "{90D2231A-158A-481F-AEED-035385833CD1}"
EndProject
Project("{9A19103F-16F7-4668-BE54-9A1E7A4F7556}") = "Discount.Domain", "Discount.Domain\Discount.Domain.csproj", "{3617BE9F-71DB-4690-BCB0-24C94C29123F}"
EndProject
Project("{9A19103F-16F7-4668-BE54-9A1E7A4F7556}") = "Discount.Infrastructure", "Discount.Infrasturcture\Discount.Infrastructure.csproj", "{6AF41C1B-0ADC-456D-A167-C0F5438E8A47}"
EndProject
Project("{9A19103F-16F7-4668-BE54-9A1E7A4F7556}") = "Discount.Application", "Discount.Application\Discount.Application.csproj", "{901F61F2-8C49-412F-894C-30E948DD6D6F}"
EndProject
Global
	GlobalSection(SolutionConfigurationPlatforms) = preSolution
		Debug|Any CPU = Debug|Any CPU
		Release|Any CPU = Release|Any CPU
	EndGlobalSection
	GlobalSection(ProjectConfigurationPlatforms) = postSolution
		{90D2231A-158A-481F-AEED-035385833CD1}.Debug|Any CPU.ActiveCfg = Debug|Any CPU
		{90D2231A-158A-481F-AEED-035385833CD1}.Debug|Any CPU.Build.0 = Debug|Any CPU
		{90D2231A-158A-481F-AEED-035385833CD1}.Release|Any CPU.ActiveCfg = Release|Any CPU
		{90D2231A-158A-481F-AEED-035385833CD1}.Release|Any CPU.Build.0 = Release|Any CPU
		{3617BE9F-71DB-4690-BCB0-24C94C29123F}.Debug|Any CPU.ActiveCfg = Debug|Any CPU
		{3617BE9F-71DB-4690-BCB0-24C94C29123F}.Debug|Any CPU.Build.0 = Debug|Any CPU
		{3617BE9F-71DB-4690-BCB0-24C94C29123F}.Release|Any CPU.ActiveCfg = Release|Any CPU
		{3617BE9F-71DB-4690-BCB0-24C94C29123F}.Release|Any CPU.Build.0 = Release|Any CPU
		{6AF41C1B-0ADC-456D-A167-C0F5438E8A47}.Debug|Any CPU.ActiveCfg = Debug|Any CPU
		{6AF41C1B-0ADC-456D-A167-C0F5438E8A47}.Debug|Any CPU.Build.0 = Debug|Any CPU
		{6AF41C1B-0ADC-456D-A167-C0F5438E8A47}.Release|Any CPU.ActiveCfg = Release|Any CPU
		{6AF41C1B-0ADC-456D-A167-C0F5438E8A47}.Release|Any CPU.Build.0 = Release|Any CPU
		{901F61F2-8C49-412F-894C-30E948DD6D6F}.Debug|Any CPU.ActiveCfg = Debug|Any CPU
		{901F61F2-8C49-412F-894C-30E948DD6D6F}.Debug|Any CPU.Build.0 = Debug|Any CPU
		{901F61F2-8C49-412F-894C-30E948DD6D6F}.Release|Any CPU.ActiveCfg = Release|Any CPU
		{901F61F2-8C49-412F-894C-30E948DD6D6F}.Release|Any CPU.Build.0 = Release|Any CPU
	EndGlobalSection
	GlobalSection(SolutionProperties) = preSolution
		HideSolutionNode = FALSE
	EndGlobalSection
	GlobalSection(ExtensibilityGlobals) = postSolution
		SolutionGuid = {9F18E093-C968-4736-A768-00C93D6FD58C}
	EndGlobalSection
EndGlobal
